<Solution>
  <Project Path="PracticaProgramada1.BLL/PracticaProgramada1.BLL.csproj" Id="d8cef8b7-fe1b-4e08-879f-746a917d9129" />
  <Project Path="PracticaProgramada1.DAL/PracticaProgramada1.DAL.csproj" Id="0c58017e-db0e-47a6-90ba-0495f012ca6b" />
  <Project Path="PracticaProgramada1/PracticaProgramada1.csproj" />
</Solution>
